
Microsoft Visual Studio Solution File, Format Version 12.00
#
Project("{FAE04EC0-301F-11D3-BF4B-00C04F79EFBC}") = "Gefest.Contracts", "Gefest.Contracts\Gefest.Contracts.csproj", "{B8C73CE4-2F01-4005-94FC-D779E0A62661}"
EndProject
Project("{FAE04EC0-301F-11D3-BF4B-00C04F79EFBC}") = "Gefest.Mediator", "Gefest.Mediator\Gefest.Mediator.csproj", "{9A4253FE-7321-44CF-9F46-82AB5B1858FD}"
EndProject
Project("{FAE04EC0-301F-11D3-BF4B-00C04F79EFBC}") = "Gefest.AuthService", "Gefest.AuthService\Gefest.AuthService.csproj", "{38DEFE5F-2F0D-43D4-BF0E-C4E5316B96BB}"
EndProject
Project("{FAE04EC0-301F-11D3-BF4B-00C04F79EFBC}") = "Gefest.UnityPackage", "Gefest.UnityPackage\Gefest.UnityPackage.csproj", "{FE64FF7B-D650-428C-88A2-08E193C3ECA7}"
EndProject
Project("{FAE04EC0-301F-11D3-BF4B-00C04F79EFBC}") = "Gefest.VCS", "Gefest.VCS\Gefest.VCS.csproj", "{08ADDBA5-63C4-42A0-9AAC-2AFBD268CB8B}"
EndProject
Project("{FAE04EC0-301F-11D3-BF4B-00C04F79EFBC}") = "Gefest.VCSService", "Gefest.VCSService\Gefest.VCSService.csproj", "{FB2151BE-7394-4CC3-9E0D-17A9143A1F5C}"
EndProject
Project("{FAE04EC0-301F-11D3-BF4B-00C04F79EFBC}") = "Gefest.Monitor", "Gefest.Monitor\Gefest.Monitor.csproj", "{F7345246-7FA3-46EA-9936-2E10368C4B40}"
EndProject
Project("{FAE04EC0-301F-11D3-BF4B-00C04F79EFBC}") = "Gefest.Worker", "Gefest.Worker\Gefest.Worker.csproj", "{990E545D-9016-4D3B-AD71-11BE635EE97A}"
EndProject
Project("{FAE04EC0-301F-11D3-BF4B-00C04F79EFBC}") = "Gefest.Domain", "Gefest.Domain\Gefest.Domain.csproj", "{134ED5D9-6FA9-4052-B542-480AFAF1F7E2}"
EndProject
Project("{2150E333-8FDC-42A3-9474-1A3956D46DE8}") = "Core", "Core", "{FA4A5AA7-BD7A-4DEB-A2A1-A34DFC74D584}"
EndProject
Project("{2150E333-8FDC-42A3-9474-1A3956D46DE8}") = "Backend", "Backend", "{BCD88175-9452-4656-B34E-89F81975DF9F}"
EndProject
Project("{2150E333-8FDC-42A3-9474-1A3956D46DE8}") = "Frontend", "Frontend", "{EB4A2A40-7A94-43BA-A79C-87030A34549B}"
EndProject
Project("{FAE04EC0-301F-11D3-BF4B-00C04F79EFBC}") = "Gefest.Actors", "Gefest.Actors\Gefest.Actors.csproj", "{FEBE2CF7-43FA-4C21-8400-4DBD803BDF03}"
EndProject
Global
	GlobalSection(SolutionConfigurationPlatforms) = preSolution
		Debug|Any CPU = Debug|Any CPU
		Release|Any CPU = Release|Any CPU
	EndGlobalSection
	GlobalSection(ProjectConfigurationPlatforms) = postSolution
		{B8C73CE4-2F01-4005-94FC-D779E0A62661}.Debug|Any CPU.ActiveCfg = Debug|Any CPU
		{B8C73CE4-2F01-4005-94FC-D779E0A62661}.Debug|Any CPU.Build.0 = Debug|Any CPU
		{B8C73CE4-2F01-4005-94FC-D779E0A62661}.Release|Any CPU.ActiveCfg = Release|Any CPU
		{B8C73CE4-2F01-4005-94FC-D779E0A62661}.Release|Any CPU.Build.0 = Release|Any CPU
		{9A4253FE-7321-44CF-9F46-82AB5B1858FD}.Debug|Any CPU.ActiveCfg = Debug|Any CPU
		{9A4253FE-7321-44CF-9F46-82AB5B1858FD}.Debug|Any CPU.Build.0 = Debug|Any CPU
		{9A4253FE-7321-44CF-9F46-82AB5B1858FD}.Release|Any CPU.ActiveCfg = Release|Any CPU
		{9A4253FE-7321-44CF-9F46-82AB5B1858FD}.Release|Any CPU.Build.0 = Release|Any CPU
		{38DEFE5F-2F0D-43D4-BF0E-C4E5316B96BB}.Debug|Any CPU.ActiveCfg = Debug|Any CPU
		{38DEFE5F-2F0D-43D4-BF0E-C4E5316B96BB}.Debug|Any CPU.Build.0 = Debug|Any CPU
		{38DEFE5F-2F0D-43D4-BF0E-C4E5316B96BB}.Release|Any CPU.ActiveCfg = Release|Any CPU
		{38DEFE5F-2F0D-43D4-BF0E-C4E5316B96BB}.Release|Any CPU.Build.0 = Release|Any CPU
		{FE64FF7B-D650-428C-88A2-08E193C3ECA7}.Debug|Any CPU.ActiveCfg = Debug|Any CPU
		{FE64FF7B-D650-428C-88A2-08E193C3ECA7}.Debug|Any CPU.Build.0 = Debug|Any CPU
		{FE64FF7B-D650-428C-88A2-08E193C3ECA7}.Release|Any CPU.ActiveCfg = Release|Any CPU
		{FE64FF7B-D650-428C-88A2-08E193C3ECA7}.Release|Any CPU.Build.0 = Release|Any CPU
		{08ADDBA5-63C4-42A0-9AAC-2AFBD268CB8B}.Debug|Any CPU.ActiveCfg = Debug|Any CPU
		{08ADDBA5-63C4-42A0-9AAC-2AFBD268CB8B}.Debug|Any CPU.Build.0 = Debug|Any CPU
		{08ADDBA5-63C4-42A0-9AAC-2AFBD268CB8B}.Release|Any CPU.ActiveCfg = Release|Any CPU
		{08ADDBA5-63C4-42A0-9AAC-2AFBD268CB8B}.Release|Any CPU.Build.0 = Release|Any CPU
		{FB2151BE-7394-4CC3-9E0D-17A9143A1F5C}.Debug|Any CPU.ActiveCfg = Debug|Any CPU
		{FB2151BE-7394-4CC3-9E0D-17A9143A1F5C}.Debug|Any CPU.Build.0 = Debug|Any CPU
		{FB2151BE-7394-4CC3-9E0D-17A9143A1F5C}.Release|Any CPU.ActiveCfg = Release|Any CPU
		{FB2151BE-7394-4CC3-9E0D-17A9143A1F5C}.Release|Any CPU.Build.0 = Release|Any CPU
		{F7345246-7FA3-46EA-9936-2E10368C4B40}.Debug|Any CPU.ActiveCfg = Debug|Any CPU
		{F7345246-7FA3-46EA-9936-2E10368C4B40}.Debug|Any CPU.Build.0 = Debug|Any CPU
		{F7345246-7FA3-46EA-9936-2E10368C4B40}.Release|Any CPU.ActiveCfg = Release|Any CPU
		{F7345246-7FA3-46EA-9936-2E10368C4B40}.Release|Any CPU.Build.0 = Release|Any CPU
		{990E545D-9016-4D3B-AD71-11BE635EE97A}.Debug|Any CPU.ActiveCfg = Debug|Any CPU
		{990E545D-9016-4D3B-AD71-11BE635EE97A}.Debug|Any CPU.Build.0 = Debug|Any CPU
		{990E545D-9016-4D3B-AD71-11BE635EE97A}.Release|Any CPU.ActiveCfg = Release|Any CPU
		{990E545D-9016-4D3B-AD71-11BE635EE97A}.Release|Any CPU.Build.0 = Release|Any CPU
		{134ED5D9-6FA9-4052-B542-480AFAF1F7E2}.Debug|Any CPU.ActiveCfg = Debug|Any CPU
		{134ED5D9-6FA9-4052-B542-480AFAF1F7E2}.Debug|Any CPU.Build.0 = Debug|Any CPU
		{134ED5D9-6FA9-4052-B542-480AFAF1F7E2}.Release|Any CPU.ActiveCfg = Release|Any CPU
		{134ED5D9-6FA9-4052-B542-480AFAF1F7E2}.Release|Any CPU.Build.0 = Release|Any CPU
		{FEBE2CF7-43FA-4C21-8400-4DBD803BDF03}.Debug|Any CPU.ActiveCfg = Debug|Any CPU
		{FEBE2CF7-43FA-4C21-8400-4DBD803BDF03}.Debug|Any CPU.Build.0 = Debug|Any CPU
		{FEBE2CF7-43FA-4C21-8400-4DBD803BDF03}.Release|Any CPU.ActiveCfg = Release|Any CPU
		{FEBE2CF7-43FA-4C21-8400-4DBD803BDF03}.Release|Any CPU.Build.0 = Release|Any CPU
	EndGlobalSection
	GlobalSection(NestedProjects) = preSolution
		{990E545D-9016-4D3B-AD71-11BE635EE97A} = {BCD88175-9452-4656-B34E-89F81975DF9F}
		{FB2151BE-7394-4CC3-9E0D-17A9143A1F5C} = {BCD88175-9452-4656-B34E-89F81975DF9F}
		{08ADDBA5-63C4-42A0-9AAC-2AFBD268CB8B} = {FA4A5AA7-BD7A-4DEB-A2A1-A34DFC74D584}
		{FE64FF7B-D650-428C-88A2-08E193C3ECA7} = {EB4A2A40-7A94-43BA-A79C-87030A34549B}
		{F7345246-7FA3-46EA-9936-2E10368C4B40} = {EB4A2A40-7A94-43BA-A79C-87030A34549B}
		{9A4253FE-7321-44CF-9F46-82AB5B1858FD} = {BCD88175-9452-4656-B34E-89F81975DF9F}
		{134ED5D9-6FA9-4052-B542-480AFAF1F7E2} = {FA4A5AA7-BD7A-4DEB-A2A1-A34DFC74D584}
		{B8C73CE4-2F01-4005-94FC-D779E0A62661} = {FA4A5AA7-BD7A-4DEB-A2A1-A34DFC74D584}
		{38DEFE5F-2F0D-43D4-BF0E-C4E5316B96BB} = {BCD88175-9452-4656-B34E-89F81975DF9F}
		{FEBE2CF7-43FA-4C21-8400-4DBD803BDF03} = {FA4A5AA7-BD7A-4DEB-A2A1-A34DFC74D584}
	EndGlobalSection
EndGlobal
